// !$*UTF8*$!
{
	archiveVersion = 1;
	classes = {
	};
	objectVersion = 56;
	objects = {

/* Begin PBXBuildFile section */
		A1A1A1A1A1A1A1A1A1A1A1A1 /* MobileSalesAppApp.swift in Sources */ = {isa = PBXBuildFile; fileRef = A1A1A1A1A1A1A1A1A1A1A1A2 /* MobileSalesAppApp.swift */; };
		A1A1A1A1A1A1A1A1A1A1A1A3 /* ContentView.swift in Sources */ = {isa = PBXBuildFile; fileRef = A1A1A1A1A1A1A1A1A1A1A1A4 /* ContentView.swift */; };
		A1A1A1A1A1A1A1A1A1A1A1A5 /* Assets.xcassets in Resources */ = {isa = PBXBuildFile; fileRef = A1A1A1A1A1A1A1A1A1A1A1A6 /* Assets.xcassets */; };
		A1A1A1A1A1A1A1A1A1A1A1A7 /* Preview Assets.xcassets in Resources */ = {isa = PBXBuildFile; fileRef = A1A1A1A1A1A1A1A1A1A1A1A8 /* Preview Assets.xcassets */; };
		A1A1A1A1A1A1A1A1A1A1A1A9 /* DataManager.swift in Sources */ = {isa = PBXBuildFile; fileRef = A1A1A1A1A1A1A1A1A1A1A1AA /* DataManager.swift */; };
		A1A1A1A1A1A1A1A1A1A1A1AB /* House.swift in Sources */ = {isa = PBXBuildFile; fileRef = A1A1A1A1A1A1A1A1A1A1A1AC /* House.swift */; };
		A1A1A1A1A1A1A1A1A1A1A1AD /* Incident.swift in Sources */ = {isa = PBXBuildFile; fileRef = A1A1A1A1A1A1A1A1A1A1A1AE /* Incident.swift */; };
		A1A1A1A1A1A1A1A1A1A1A1AF /* SalesPerson.swift in Sources */ = {isa = PBXBuildFile; fileRef = A1A1A1A1A1A1A1A1A1A1A1B0 /* SalesPerson.swift */; };
		A1A1A1A1A1A1A1A1A1A1A1B1 /* Route.swift in Sources */ = {isa = PBXBuildFile; fileRef = A1A1A1A1A1A1A1A1A1A1A1B2 /* Route.swift */; };
		A1A1A1A1A1A1A1A1A1A1A1B3 /* Visit.swift in Sources */ = {isa = PBXBuildFile; fileRef = A1A1A1A1A1A1A1A1A1A1A1B4 /* Visit.swift */; };
		A1A1A1A1A1A1A1A1A1A1A1B5 /* MapView.swift in Sources */ = {isa = PBXBuildFile; fileRef = A1A1A1A1A1A1A1A1A1A1A1B6 /* MapView.swift */; };
		A1A1A1A1A1A1A1A1A1A1A1B7 /* HouseListView.swift in Sources */ = {isa = PBXBuildFile; fileRef = A1A1A1A1A1A1A1A1A1A1A1B8 /* HouseListView.swift */; };
		A1A1A1A1A1A1A1A1A1A1A1B9 /* HouseDetailView.swift in Sources */ = {isa = PBXBuildFile; fileRef = A1A1A1A1A1A1A1A1A1A1A1BA /* HouseDetailView.swift */; };
		A1A1A1A1A1A1A1A1A1A1A1BB /* IncidentListView.swift in Sources */ = {isa = PBXBuildFile; fileRef = A1A1A1A1A1A1A1A1A1A1A1BC /* IncidentListView.swift */; };
		A1A1A1A1A1A1A1A1A1A1A1BD /* RouteListView.swift in Sources */ = {isa = PBXBuildFile; fileRef = A1A1A1A1A1A1A1A1A1A1A1BE /* RouteListView.swift */; };
		A1A1A1A1A1A1A1A1A1A1A1BF /* VisitRecordView.swift in Sources */ = {isa = PBXBuildFile; fileRef = A1A1A1A1A1A1A1A1A1A1A1C0 /* VisitRecordView.swift */; };
		A1A1A1A1A1A1A1A1A1A1A1C1 /* IncidentMapView.swift in Sources */ = {isa = PBXBuildFile; fileRef = A1A1A1A1A1A1A1A1A1A1A1C2 /* IncidentMapView.swift */; };
		A1A1A1A1A1A1A1A1A1A1A1C3 /* RouteCreationView.swift in Sources */ = {isa = PBXBuildFile; fileRef = A1A1A1A1A1A1A1A1A1A1A1C4 /* RouteCreationView.swift */; };
		A1A1A1A1A1A1A1A1A1A1A1C5 /* SelectedHousesMapView.swift in Sources */ = {isa = PBXBuildFile; fileRef = A1A1A1A1A1A1A1A1A1A1A1C6 /* SelectedHousesMapView.swift */; };
		B045955D2E58E80600012501 /* BigBeautifulIntegrationView.swift in Sources */ = {isa = PBXBuildFile; fileRef = B045955A2E58E80600012501 /* BigBeautifulIntegrationView.swift */; };
		B045955E2E58E80600012501 /* BigBeautifulAPIClient.swift in Sources */ = {isa = PBXBuildFile; fileRef = B04595592E58E80600012501 /* BigBeautifulAPIClient.swift */; };
		B045955F2E58E80600012501 /* EmailCampaignDashboard.swift in Sources */ = {isa = PBXBuildFile; fileRef = B045955B2E58E80600012501 /* EmailCampaignDashboard.swift */; };
		B04595602E58E80600012501 /* EmailCampaignDetailView.swift in Sources */ = {isa = PBXBuildFile; fileRef = B045955C2E58E80600012501 /* EmailCampaignDetailView.swift */; };
		B04595632E5911E800012501 /* RegionAssignmentView.swift in Sources */ = {isa = PBXBuildFile; fileRef = B04595612E5911E800012501 /* RegionAssignmentView.swift */; };
		B04595642E5911E800012501 /* SceneDelegate.swift in Sources */ = {isa = PBXBuildFile; fileRef = B04595622E5911E800012501 /* SceneDelegate.swift */; };
		B045961E2E5933CB00012501 /* ServerConfigurationView.swift in Sources */ = {isa = PBXBuildFile; fileRef = B045961D2E5933CB00012501 /* ServerConfigurationView.swift */; };
/* End PBXBuildFile section */

/* Begin PBXFileReference section */
		A1A1A1A1A1A1A1A1A1A1A1A2 /* MobileSalesAppApp.swift */ = {isa = PBXFileReference; lastKnownFileType = sourcecode.swift; path = MobileSalesAppApp.swift; sourceTree = "<group>"; };
		A1A1A1A1A1A1A1A1A1A1A1A4 /* ContentView.swift */ = {isa = PBXFileReference; lastKnownFileType = sourcecode.swift; path = ContentView.swift; sourceTree = "<group>"; };
		A1A1A1A1A1A1A1A1A1A1A1A6 /* Assets.xcassets */ = {isa = PBXFileReference; lastKnownFileType = folder.assetcatalog; path = Assets.xcassets; sourceTree = "<group>"; };
		A1A1A1A1A1A1A1A1A1A1A1A8 /* Preview Assets.xcassets */ = {isa = PBXFileReference; lastKnownFileType = folder.assetcatalog; path = "Preview Assets.xcassets"; sourceTree = "<group>"; };
		A1A1A1A1A1A1A1A1A1A1A1AA /* DataManager.swift */ = {isa = PBXFileReference; lastKnownFileType = sourcecode.swift; path = DataManager.swift; sourceTree = "<group>"; };
		A1A1A1A1A1A1A1A1A1A1A1AC /* House.swift */ = {isa = PBXFileReference; lastKnownFileType = sourcecode.swift; path = House.swift; sourceTree = "<group>"; };
		A1A1A1A1A1A1A1A1A1A1A1AE /* Incident.swift */ = {isa = PBXFileReference; lastKnownFileType = sourcecode.swift; path = Incident.swift; sourceTree = "<group>"; };
		A1A1A1A1A1A1A1A1A1A1A1B0 /* SalesPerson.swift */ = {isa = PBXFileReference; lastKnownFileType = sourcecode.swift; path = SalesPerson.swift; sourceTree = "<group>"; };
		A1A1A1A1A1A1A1A1A1A1A1B2 /* Route.swift */ = {isa = PBXFileReference; lastKnownFileType = sourcecode.swift; path = Route.swift; sourceTree = "<group>"; };
		A1A1A1A1A1A1A1A1A1A1A1B4 /* Visit.swift */ = {isa = PBXFileReference; lastKnownFileType = sourcecode.swift; path = Visit.swift; sourceTree = "<group>"; };
		A1A1A1A1A1A1A1A1A1A1A1B6 /* MapView.swift */ = {isa = PBXFileReference; lastKnownFileType = sourcecode.swift; path = MapView.swift; sourceTree = "<group>"; };
		A1A1A1A1A1A1A1A1A1A1A1B8 /* HouseListView.swift */ = {isa = PBXFileReference; lastKnownFileType = sourcecode.swift; path = HouseListView.swift; sourceTree = "<group>"; };
		A1A1A1A1A1A1A1A1A1A1A1BA /* HouseDetailView.swift */ = {isa = PBXFileReference; lastKnownFileType = sourcecode.swift; path = HouseDetailView.swift; sourceTree = "<group>"; };
		A1A1A1A1A1A1A1A1A1A1A1BC /* IncidentListView.swift */ = {isa = PBXFileReference; lastKnownFileType = sourcecode.swift; path = IncidentListView.swift; sourceTree = "<group>"; };
		A1A1A1A1A1A1A1A1A1A1A1BE /* RouteListView.swift */ = {isa = PBXFileReference; lastKnownFileType = sourcecode.swift; path = RouteListView.swift; sourceTree = "<group>"; };
		A1A1A1A1A1A1A1A1A1A1A1C0 /* VisitRecordView.swift */ = {isa = PBXFileReference; lastKnownFileType = sourcecode.swift; path = VisitRecordView.swift; sourceTree = "<group>"; };
		A1A1A1A1A1A1A1A1A1A1A1C2 /* IncidentMapView.swift */ = {isa = PBXFileReference; lastKnownFileType = sourcecode.swift; path = IncidentMapView.swift; sourceTree = "<group>"; };
		A1A1A1A1A1A1A1A1A1A1A1C4 /* RouteCreationView.swift */ = {isa = PBXFileReference; lastKnownFileType = sourcecode.swift; path = RouteCreationView.swift; sourceTree = "<group>"; };
		A1A1A1A1A1A1A1A1A1A1A1C6 /* SelectedHousesMapView.swift */ = {isa = PBXFileReference; lastKnownFileType = sourcecode.swift; path = SelectedHousesMapView.swift; sourceTree = "<group>"; };
		A1A1A1A1A1A1A1A1A1A1A1C7 /* MobileSalesApp.app */ = {isa = PBXFileReference; explicitFileType = wrapper.application; includeInIndex = 0; path = MobileSalesApp.app; sourceTree = BUILT_PRODUCTS_DIR; };
		B04595592E58E80600012501 /* BigBeautifulAPIClient.swift */ = {isa = PBXFileReference; lastKnownFileType = sourcecode.swift; path = BigBeautifulAPIClient.swift; sourceTree = "<group>"; };
		B045955A2E58E80600012501 /* BigBeautifulIntegrationView.swift */ = {isa = PBXFileReference; lastKnownFileType = sourcecode.swift; path = BigBeautifulIntegrationView.swift; sourceTree = "<group>"; };
		B045955B2E58E80600012501 /* EmailCampaignDashboard.swift */ = {isa = PBXFileReference; lastKnownFileType = sourcecode.swift; path = EmailCampaignDashboard.swift; sourceTree = "<group>"; };
		B045955C2E58E80600012501 /* EmailCampaignDetailView.swift */ = {isa = PBXFileReference; lastKnownFileType = sourcecode.swift; path = EmailCampaignDetailView.swift; sourceTree = "<group>"; };
		B04595612E5911E800012501 /* RegionAssignmentView.swift */ = {isa = PBXFileReference; lastKnownFileType = sourcecode.swift; path = RegionAssignmentView.swift; sourceTree = "<group>"; };
		B04595622E5911E800012501 /* SceneDelegate.swift */ = {isa = PBXFileReference; lastKnownFileType = sourcecode.swift; path = SceneDelegate.swift; sourceTree = "<group>"; };
		B045961D2E5933CB00012501 /* ServerConfigurationView.swift */ = {isa = PBXFileReference; lastKnownFileType = sourcecode.swift; path = ServerConfigurationView.swift; sourceTree = "<group>"; };
/* End PBXFileReference section */

/* Begin PBXFrameworksBuildPhase section */
		A1A1A1A1A1A1A1A1A1A1A1C8 /* Frameworks */ = {
			isa = PBXFrameworksBuildPhase;
			buildActionMask = 2147483647;
			files = (
			);
			runOnlyForDeploymentPostprocessing = 0;
		};
/* End PBXFrameworksBuildPhase section */

/* Begin PBXGroup section */
		A1A1A1A1A1A1A1A1A1A1A1C9 = {
			isa = PBXGroup;
			children = (
				A1A1A1A1A1A1A1A1A1A1A1CA /* MobileSalesApp */,
				A1A1A1A1A1A1A1A1A1A1A1CB /* Products */,
			);
			sourceTree = "<group>";
		};
		A1A1A1A1A1A1A1A1A1A1A1CA /* MobileSalesApp */ = {
			isa = PBXGroup;
			children = (
				A1A1A1A1A1A1A1A1A1A1A1A2 /* MobileSalesAppApp.swift */,
				A1A1A1A1A1A1A1A1A1A1A1A4 /* ContentView.swift */,
				A1A1A1A1A1A1A1A1A1A1A1AA /* DataManager.swift */,
				A1A1A1A1A1A1A1A1A1A1A1AC /* House.swift */,
				A1A1A1A1A1A1A1A1A1A1A1AE /* Incident.swift */,
				A1A1A1A1A1A1A1A1A1A1A1B0 /* SalesPerson.swift */,
				A1A1A1A1A1A1A1A1A1A1A1B2 /* Route.swift */,
				A1A1A1A1A1A1A1A1A1A1A1B4 /* Visit.swift */,
				A1A1A1A1A1A1A1A1A1A1A1B6 /* MapView.swift */,
				A1A1A1A1A1A1A1A1A1A1A1B8 /* HouseListView.swift */,
				A1A1A1A1A1A1A1A1A1A1A1BA /* HouseDetailView.swift */,
				A1A1A1A1A1A1A1A1A1A1A1BC /* IncidentListView.swift */,
				A1A1A1A1A1A1A1A1A1A1A1BE /* RouteListView.swift */,
				A1A1A1A1A1A1A1A1A1A1A1C0 /* VisitRecordView.swift */,
				A1A1A1A1A1A1A1A1A1A1A1C2 /* IncidentMapView.swift */,
				A1A1A1A1A1A1A1A1A1A1A1C4 /* RouteCreationView.swift */,
				A1A1A1A1A1A1A1A1A1A1A1C6 /* SelectedHousesMapView.swift */,
				A1A1A1A1A1A1A1A1A1A1A1A6 /* Assets.xcassets */,
				B045961D2E5933CB00012501 /* ServerConfigurationView.swift */,
				B04595612E5911E800012501 /* RegionAssignmentView.swift */,
				B04595622E5911E800012501 /* SceneDelegate.swift */,
				B04595592E58E80600012501 /* BigBeautifulAPIClient.swift */,
				B045955A2E58E80600012501 /* BigBeautifulIntegrationView.swift */,
				B045955B2E58E80600012501 /* EmailCampaignDashboard.swift */,
				B045955C2E58E80600012501 /* EmailCampaignDetailView.swift */,
				A1A1A1A1A1A1A1A1A1A1A1CC /* Preview Content */,
			);
			path = MobileSalesApp;
			sourceTree = "<group>";
		};
		A1A1A1A1A1A1A1A1A1A1A1CB /* Products */ = {
			isa = PBXGroup;
			children = (
				A1A1A1A1A1A1A1A1A1A1A1C7 /* MobileSalesApp.app */,
			);
			name = Products;
			sourceTree = "<group>";
		};
		A1A1A1A1A1A1A1A1A1A1A1CC /* Preview Content */ = {
			isa = PBXGroup;
			children = (
				A1A1A1A1A1A1A1A1A1A1A1A8 /* Preview Assets.xcassets */,
			);
			path = "Preview Content";
			sourceTree = "<group>";
		};
/* End PBXGroup section */

/* Begin PBXNativeTarget section */
		A1A1A1A1A1A1A1A1A1A1A1CD /* MobileSalesApp */ = {
			isa = PBXNativeTarget;
			buildConfigurationList = A1A1A1A1A1A1A1A1A1A1A1CE /* Build configuration list for PBXNativeTarget "MobileSalesApp" */;
			buildPhases = (
				A1A1A1A1A1A1A1A1A1A1A1CF /* Sources */,
				A1A1A1A1A1A1A1A1A1A1A1C8 /* Frameworks */,
				A1A1A1A1A1A1A1A1A1A1A1D0 /* Resources */,
			);
			buildRules = (
			);
			dependencies = (
			);
			name = MobileSalesApp;
			productName = MobileSalesApp;
			productReference = A1A1A1A1A1A1A1A1A1A1A1C7 /* MobileSalesApp.app */;
			productType = "com.apple.product-type.application";
		};
/* End PBXNativeTarget section */

/* Begin PBXProject section */
		A1A1A1A1A1A1A1A1A1A1A1D1 /* Project object */ = {
			isa = PBXProject;
			attributes = {
				BuildIndependentTargetsInParallel = 1;
				LastSwiftUpdateCheck = 1500;
				LastUpgradeCheck = 1500;
				TargetAttributes = {
					A1A1A1A1A1A1A1A1A1A1A1CD = {
						CreatedOnToolsVersion = 15.0;
					};
				};
			};
			buildConfigurationList = A1A1A1A1A1A1A1A1A1A1A1D2 /* Build configuration list for PBXProject "MobileSalesApp" */;
			compatibilityVersion = "Xcode 14.0";
			developmentRegion = en;
			hasScannedForEncodings = 0;
			knownRegions = (
				en,
				Base,
			);
			mainGroup = A1A1A1A1A1A1A1A1A1A1A1C9;
			productRefGroup = A1A1A1A1A1A1A1A1A1A1A1CB /* Products */;
			projectDirPath = "";
			projectRoot = "";
			targets = (
				A1A1A1A1A1A1A1A1A1A1A1CD /* MobileSalesApp */,
			);
		};
/* End PBXProject section */

/* Begin PBXResourcesBuildPhase section */
		A1A1A1A1A1A1A1A1A1A1A1D0 /* Resources */ = {
			isa = PBXResourcesBuildPhase;
			buildActionMask = 2147483647;
			files = (
				A1A1A1A1A1A1A1A1A1A1A1A7 /* Preview Assets.xcassets in Resources */,
				A1A1A1A1A1A1A1A1A1A1A1A5 /* Assets.xcassets in Resources */,
			);
			runOnlyForDeploymentPostprocessing = 0;
		};
/* End PBXResourcesBuildPhase section */

/* Begin PBXSourcesBuildPhase section */
		A1A1A1A1A1A1A1A1A1A1A1CF /* Sources */ = {
			isa = PBXSourcesBuildPhase;
			buildActionMask = 2147483647;
			files = (
				A1A1A1A1A1A1A1A1A1A1A1A3 /* ContentView.swift in Sources */,
				A1A1A1A1A1A1A1A1A1A1A1A9 /* DataManager.swift in Sources */,
				A1A1A1A1A1A1A1A1A1A1A1AB /* House.swift in Sources */,
				A1A1A1A1A1A1A1A1A1A1A1AD /* Incident.swift in Sources */,
				A1A1A1A1A1A1A1A1A1A1A1AF /* SalesPerson.swift in Sources */,
				A1A1A1A1A1A1A1A1A1A1A1B1 /* Route.swift in Sources */,
				A1A1A1A1A1A1A1A1A1A1A1B3 /* Visit.swift in Sources */,
				A1A1A1A1A1A1A1A1A1A1A1B5 /* MapView.swift in Sources */,
				A1A1A1A1A1A1A1A1A1A1A1B7 /* HouseListView.swift in Sources */,
				A1A1A1A1A1A1A1A1A1A1A1B9 /* HouseDetailView.swift in Sources */,
				A1A1A1A1A1A1A1A1A1A1A1BB /* IncidentListView.swift in Sources */,
				B045955D2E58E80600012501 /* BigBeautifulIntegrationView.swift in Sources */,
				B045955E2E58E80600012501 /* BigBeautifulAPIClient.swift in Sources */,
				B045955F2E58E80600012501 /* EmailCampaignDashboard.swift in Sources */,
				B04595602E58E80600012501 /* EmailCampaignDetailView.swift in Sources */,
				A1A1A1A1A1A1A1A1A1A1A1BD /* RouteListView.swift in Sources */,
				A1A1A1A1A1A1A1A1A1A1A1BF /* VisitRecordView.swift in Sources */,
				A1A1A1A1A1A1A1A1A1A1A1C1 /* IncidentMapView.swift in Sources */,
				B045961E2E5933CB00012501 /* ServerConfigurationView.swift in Sources */,
				B04595632E5911E800012501 /* RegionAssignmentView.swift in Sources */,
				B04595642E5911E800012501 /* SceneDelegate.swift in Sources */,
				A1A1A1A1A1A1A1A1A1A1A1C3 /* RouteCreationView.swift in Sources */,
				A1A1A1A1A1A1A1A1A1A1A1C5 /* SelectedHousesMapView.swift in Sources */,
				A1A1A1A1A1A1A1A1A1A1A1A1 /* MobileSalesAppApp.swift in Sources */,
			);
			runOnlyForDeploymentPostprocessing = 0;
		};
/* End PBXSourcesBuildPhase section */

/* Begin XCBuildConfiguration section */
		A1A1A1A1A1A1A1A1A1A1A1D3 /* Debug */ = {
			isa = XCBuildConfiguration;
			buildSettings = {
				ALWAYS_SEARCH_USER_PATHS = NO;
				ASSETCATALOG_COMPILER_GENERATE_SWIFT_ASSET_SYMBOL_EXTENSIONS = YES;
				CLANG_ANALYZER_NONNULL = YES;
				CLANG_ANALYZER_NUMBER_OBJECT_CONVERSION = YES_AGGRESSIVE;
				CLANG_CXX_LANGUAGE_STANDARD = "gnu++20";
				CLANG_ENABLE_MODULES = YES;
				CLANG_ENABLE_OBJC_ARC = YES;
				CLANG_ENABLE_OBJC_WEAK = YES;
				CLANG_WARN_BLOCK_CAPTURE_AUTORELEASING = YES;
				CLANG_WARN_BOOL_CONVERSION = YES;
				CLANG_WARN_COMMA = YES;
				CLANG_WARN_CONSTANT_CONVERSION = YES;
				CLANG_WARN_DEPRECATED_OBJC_IMPLEMENTATIONS = YES;
				CLANG_WARN_DIRECT_OBJC_ISA_USAGE = YES_ERROR;
				CLANG_WARN_DOCUMENTATION_COMMENTS = YES;
				CLANG_WARN_EMPTY_BODY = YES;
				CLANG_WARN_ENUM_CONVERSION = YES;
				CLANG_WARN_INFINITE_RECURSION = YES;
				CLANG_WARN_INT_CONVERSION = YES;
				CLANG_WARN_NON_LITERAL_NULL_CONVERSION = YES;
				CLANG_WARN_OBJC_IMPLICIT_RETAIN_SELF = YES;
				CLANG_WARN_OBJC_LITERAL_CONVERSION = YES;
				CLANG_WARN_OBJC_ROOT_CLASS = YES_ERROR;
				CLANG_WARN_QUOTED_INCLUDE_IN_FRAMEWORK_HEADER = YES;
				CLANG_WARN_RANGE_LOOP_ANALYSIS = YES;
				CLANG_WARN_STRICT_PROTOTYPES = YES;
				CLANG_WARN_SUSPICIOUS_MOVE = YES;
				CLANG_WARN_UNGUARDED_AVAILABILITY = YES_AGGRESSIVE;
				CLANG_WARN_UNREACHABLE_CODE = YES;
				CLANG_WARN__DUPLICATE_METHOD_MATCH = YES;
				COPY_PHASE_STRIP = NO;
				DEBUG_INFORMATION_FORMAT = dwarf;
				ENABLE_STRICT_OBJC_MSGSEND = YES;
				ENABLE_TESTABILITY = YES;
				ENABLE_USER_SCRIPT_SANDBOXING = YES;
				GCC_C_LANGUAGE_STANDARD = gnu17;
				GCC_DYNAMIC_NO_PIC = NO;
				GCC_NO_COMMON_BLOCKS = YES;
				GCC_OPTIMIZATION_LEVEL = 0;
				GCC_PREPROCESSOR_DEFINITIONS = (
					"DEBUG=1",
					"$(inherited)",
				);
				GCC_WARN_64_TO_32_BIT_CONVERSION = YES;
				GCC_WARN_ABOUT_RETURN_TYPE = YES_ERROR;
				GCC_WARN_UNDECLARED_SELECTOR = YES;
				GCC_WARN_UNINITIALIZED_AUTOS = YES_AGGRESSIVE;
				GCC_WARN_UNUSED_FUNCTION = YES;
				GCC_WARN_UNUSED_VARIABLE = YES;
				IPHONEOS_DEPLOYMENT_TARGET = 17.0;
				LOCALIZATION_PREFERS_STRING_CATALOGS = YES;
				MTL_ENABLE_DEBUG_INFO = INCLUDE_SOURCE;
				MTL_FAST_MATH = YES;
				ONLY_ACTIVE_ARCH = YES;
				SDKROOT = iphoneos;
				SWIFT_ACTIVE_COMPILATION_CONDITIONS = "DEBUG $(inherited)";
				SWIFT_OPTIMIZATION_LEVEL = "-Onone";
			};
			name = Debug;
		};
		A1A1A1A1A1A1A1A1A1A1A1D4 /* Release */ = {
			isa = XCBuildConfiguration;
			buildSettings = {
				ALWAYS_SEARCH_USER_PATHS = NO;
				ASSETCATALOG_COMPILER_GENERATE_SWIFT_ASSET_SYMBOL_EXTENSIONS = YES;
				CLANG_ANALYZER_NONNULL = YES;
				CLANG_ANALYZER_NUMBER_OBJECT_CONVERSION = YES_AGGRESSIVE;
				CLANG_CXX_LANGUAGE_STANDARD = "gnu++20";
				CLANG_ENABLE_MODULES = YES;
				CLANG_ENABLE_OBJC_ARC = YES;
				CLANG_ENABLE_OBJC_WEAK = YES;
				CLANG_WARN_BLOCK_CAPTURE_AUTORELEASING = YES;
				CLANG_WARN_BOOL_CONVERSION = YES;
				CLANG_WARN_COMMA = YES;
				CLANG_WARN_CONSTANT_CONVERSION = YES;
				CLANG_WARN_DEPRECATED_OBJC_IMPLEMENTATIONS = YES;
				CLANG_WARN_DIRECT_OBJC_ISA_USAGE = YES_ERROR;
				CLANG_WARN_DOCUMENTATION_COMMENTS = YES;
				CLANG_WARN_EMPTY_BODY = YES;
				CLANG_WARN_ENUM_CONVERSION = YES;
				CLANG_WARN_INFINITE_RECURSION = YES;
				CLANG_WARN_INT_CONVERSION = YES;
				CLANG_WARN_NON_LITERAL_NULL_CONVERSION = YES;
				CLANG_WARN_OBJC_IMPLICIT_RETAIN_SELF = YES;
				CLANG_WARN_OBJC_LITERAL_CONVERSION = YES;
				CLANG_WARN_OBJC_ROOT_CLASS = YES_ERROR;
				CLANG_WARN_QUOTED_INCLUDE_IN_FRAMEWORK_HEADER = YES;
				CLANG_WARN_RANGE_LOOP_ANALYSIS = YES;
				CLANG_WARN_STRICT_PROTOTYPES = YES;
				CLANG_WARN_SUSPICIOUS_MOVE = YES;
				CLANG_WARN_UNGUARDED_AVAILABILITY = YES_AGGRESSIVE;
				CLANG_WARN_UNREACHABLE_CODE = YES;
				CLANG_WARN__DUPLICATE_METHOD_MATCH = YES;
				COPY_PHASE_STRIP = NO;
				DEBUG_INFORMATION_FORMAT = "dwarf-with-dsym";
				ENABLE_NS_ASSERTIONS = NO;
				ENABLE_STRICT_OBJC_MSGSEND = YES;
				ENABLE_USER_SCRIPT_SANDBOXING = YES;
				GCC_C_LANGUAGE_STANDARD = gnu17;
				GCC_NO_COMMON_BLOCKS = YES;
				GCC_WARN_64_TO_32_BIT_CONVERSION = YES;
				GCC_WARN_ABOUT_RETURN_TYPE = YES_ERROR;
				GCC_WARN_UNDECLARED_SELECTOR = YES;
				GCC_WARN_UNINITIALIZED_AUTOS = YES_AGGRESSIVE;
				GCC_WARN_UNUSED_FUNCTION = YES;
				GCC_WARN_UNUSED_VARIABLE = YES;
				IPHONEOS_DEPLOYMENT_TARGET = 17.0;
				LOCALIZATION_PREFERS_STRING_CATALOGS = YES;
				MTL_ENABLE_DEBUG_INFO = NO;
				MTL_FAST_MATH = YES;
				SDKROOT = iphoneos;
				SWIFT_COMPILATION_MODE = wholemodule;
				VALIDATE_PRODUCT = YES;
			};
			name = Release;
		};
		A1A1A1A1A1A1A1A1A1A1A1D5 /* Debug */ = {
			isa = XCBuildConfiguration;
			buildSettings = {
				ASSETCATALOG_COMPILER_APPICON_NAME = AppIcon;
				ASSETCATALOG_COMPILER_GLOBAL_ACCENT_COLOR_NAME = AccentColor;
				CODE_SIGN_STYLE = Automatic;
				CURRENT_PROJECT_VERSION = 1;
				DEVELOPMENT_ASSET_PATHS = "\"MobileSalesApp/Preview Content\"";
				DEVELOPMENT_TEAM = NL8GVDU29B;
				ENABLE_PREVIEWS = YES;
				GENERATE_INFOPLIST_FILE = YES;
				INFOPLIST_KEY_UIApplicationSceneManifest_Generation = YES;
				INFOPLIST_KEY_UIApplicationSupportsIndirectInputEvents = YES;
				INFOPLIST_KEY_UILaunchScreen_Generation = YES;
				INFOPLIST_KEY_UISupportedInterfaceOrientations_iPad = "UIInterfaceOrientationPortrait UIInterfaceOrientationPortraitUpsideDown UIInterfaceOrientationLandscapeLeft UIInterfaceOrientationLandscapeRight";
				INFOPLIST_KEY_UISupportedInterfaceOrientations_iPhone = "UIInterfaceOrientationPortrait UIInterfaceOrientationLandscapeLeft UIInterfaceOrientationLandscapeRight";
				LD_RUNPATH_SEARCH_PATHS = (
					"$(inherited)",
					"@executable_path/Frameworks",
				);
				MARKETING_VERSION = 1.0;
				PRODUCT_BUNDLE_IDENTIFIER = com.seasidesecurity.mobilesalesapp.2024;
				PRODUCT_NAME = "$(TARGET_NAME)";
				SWIFT_EMIT_LOC_STRINGS = YES;
				SWIFT_VERSION = 5.0;
				TARGETED_DEVICE_FAMILY = "1,2";
			};
			name = Debug;
		};
		A1A1A1A1A1A1A1A1A1A1A1D6 /* Release */ = {
			isa = XCBuildConfiguration;
			buildSettings = {
				ASSETCATALOG_COMPILER_APPICON_NAME = AppIcon;
				ASSETCATALOG_COMPILER_GLOBAL_ACCENT_COLOR_NAME = AccentColor;
				CODE_SIGN_STYLE = Automatic;
				CURRENT_PROJECT_VERSION = 1;
				DEVELOPMENT_ASSET_PATHS = "\"MobileSalesApp/Preview Content\"";
				DEVELOPMENT_TEAM = NL8GVDU29B;
				ENABLE_PREVIEWS = YES;
				GENERATE_INFOPLIST_FILE = YES;
				INFOPLIST_KEY_UIApplicationSceneManifest_Generation = YES;
				INFOPLIST_KEY_UIApplicationSupportsIndirectInputEvents = YES;
				INFOPLIST_KEY_UILaunchScreen_Generation = YES;
				INFOPLIST_KEY_UISupportedInterfaceOrientations_iPad = "UIInterfaceOrientationPortrait UIInterfaceOrientationPortraitUpsideDown UIInterfaceOrientationLandscapeLeft UIInterfaceOrientationLandscapeRight";
				INFOPLIST_KEY_UISupportedInterfaceOrientations_iPhone = "UIInterfaceOrientationPortrait UIInterfaceOrientationLandscapeLeft UIInterfaceOrientationLandscapeRight";
				LD_RUNPATH_SEARCH_PATHS = (
					"$(inherited)",
					"@executable_path/Frameworks",
				);
				MARKETING_VERSION = 1.0;
				PRODUCT_BUNDLE_IDENTIFIER = com.seasidesecurity.mobilesalesapp.2024;
				PRODUCT_NAME = "$(TARGET_NAME)";
				SWIFT_EMIT_LOC_STRINGS = YES;
				SWIFT_VERSION = 5.0;
				TARGETED_DEVICE_FAMILY = "1,2";
			};
			name = Release;
		};
/* End XCBuildConfiguration section */

/* Begin XCConfigurationList section */
		A1A1A1A1A1A1A1A1A1A1A1CE /* Build configuration list for PBXNativeTarget "MobileSalesApp" */ = {
			isa = XCConfigurationList;
			buildConfigurations = (
				A1A1A1A1A1A1A1A1A1A1A1D5 /* Debug */,
				A1A1A1A1A1A1A1A1A1A1A1D6 /* Release */,
			);
			defaultConfigurationIsVisible = 0;
			defaultConfigurationName = Release;
		};
		A1A1A1A1A1A1A1A1A1A1A1D2 /* Build configuration list for PBXProject "MobileSalesApp" */ = {
			isa = XCConfigurationList;
			buildConfigurations = (
				A1A1A1A1A1A1A1A1A1A1A1D3 /* Debug */,
				A1A1A1A1A1A1A1A1A1A1A1D4 /* Release */,
			);
			defaultConfigurationIsVisible = 0;
			defaultConfigurationName = Release;
		};
/* End XCConfigurationList section */
	};
	rootObject = A1A1A1A1A1A1A1A1A1A1A1D1 /* Project object */;
}
